
Microsoft Visual Studio Solution File, Format Version 11.00
# Visual Studio 2010
Project("{8BC9CEB8-8B4A-11D0-8D11-00A0C91BC942}") = "bai19", "bai19\bai19.vcxproj", "{AECB6C6F-CB84-49C9-9C29-D8EAF4FA5DE2}"
EndProject
Global
	GlobalSection(SolutionConfigurationPlatforms) = preSolution
		Debug|Win32 = Debug|Win32
		Release|Win32 = Release|Win32
	EndGlobalSection
	GlobalSection(ProjectConfigurationPlatforms) = postSolution
		{AECB6C6F-CB84-49C9-9C29-D8EAF4FA5DE2}.Debug|Win32.ActiveCfg = Debug|Win32
		{AECB6C6F-CB84-49C9-9C29-D8EAF4FA5DE2}.Debug|Win32.Build.0 = Debug|Win32
		{AECB6C6F-CB84-49C9-9C29-D8EAF4FA5DE2}.Release|Win32.ActiveCfg = Release|Win32
		{AECB6C6F-CB84-49C9-9C29-D8EAF4FA5DE2}.Release|Win32.Build.0 = Release|Win32
	EndGlobalSection
	GlobalSection(SolutionProperties) = preSolution
		HideSolutionNode = FALSE
	EndGlobalSection
EndGlobal
